
Microsoft Visual Studio Solution File, Format Version 12.00
# Visual Studio Version 17
VisualStudioVersion = 17.2.32630.192
MinimumVisualStudioVersion = 10.0.40219.1
Project("{FAE04EC0-301F-11D3-BF4B-00C04F79EFBC}") = "WorkShop1_WebApp", "WorkShop1_WebApp\WorkShop1_WebApp.csproj", "{4675C91E-483B-4179-B8DB-5C8F8A81E646}"
EndProject
Global
	GlobalSection(SolutionConfigurationPlatforms) = preSolution
		Debug|Any CPU = Debug|Any CPU
		Release|Any CPU = Release|Any CPU
	EndGlobalSection
	GlobalSection(ProjectConfigurationPlatforms) = postSolution
		{4675C91E-483B-4179-B8DB-5C8F8A81E646}.Debug|Any CPU.ActiveCfg = Debug|Any CPU
		{4675C91E-483B-4179-B8DB-5C8F8A81E646}.Debug|Any CPU.Build.0 = Debug|Any CPU
		{4675C91E-483B-4179-B8DB-5C8F8A81E646}.Release|Any CPU.ActiveCfg = Release|Any CPU
		{4675C91E-483B-4179-B8DB-5C8F8A81E646}.Release|Any CPU.Build.0 = Release|Any CPU
	EndGlobalSection
	GlobalSection(SolutionProperties) = preSolution
		HideSolutionNode = FALSE
	EndGlobalSection
	GlobalSection(ExtensibilityGlobals) = postSolution
		SolutionGuid = {DC072082-2DE0-4CDE-8975-6E0CB025294F}
	EndGlobalSection
EndGlobal
